# This file was autogenerated by Stack.
# You should not edit this file by hand.
# For more information, please see the documentation at:
#   https://docs.haskellstack.org/en/stable/lock_files

packages:
- completed:
    hackage: seqid-0.6.3@sha256:67e562ea99c9ac579bc2dadc22af9319e2576f1b271f68631692b8d10347eb37,883
    pantry-tree:
      sha256: 20624769bc5a8a48d4a8a61d3f675749e1c1bbc180a119023afc093e7ae06d93
      size: 211
  original:
    hackage: seqid-0.6.3
snapshots:
- completed:
    sha256: c4381351ba5837a6356fcc0ebeb7a61fdcaf3a085c903a6f730f56b131d5cb58
    size: 639143
    url: https://raw.githubusercontent.com/commercialhaskell/stackage-snapshots/master/lts/21/1.yaml
  original: lts-21.1
