# This file was autogenerated by Stack.
# You should not edit this file by hand.
# For more information, please see the documentation at:
#   https://docs.haskellstack.org/en/stable/lock_files

packages:
- completed:
    hackage: seqid-0.6.2@sha256:889bf8e08e48c4e7abe52ef56b1d22b446139e36c3d7c8a398acb6cfd22fa2cd,883
    pantry-tree:
      size: 211
      sha256: cac9994d33bd1b38e6477a997127053319fdf83db5a69ebdda85098c7aafd8a5
  original:
    hackage: seqid-0.6.2
snapshots:
- completed:
    size: 567679
    url: https://raw.githubusercontent.com/commercialhaskell/stackage-snapshots/master/lts/17/15.yaml
    sha256: 72e87841a0ab5b72f6f018e8ee692fd972b7bb32a944990f028e10d6eb528e63
  original: lts-17.15
